
Microsoft Visual Studio Solution File, Format Version 12.00
# Visual Studio Version 16
VisualStudioVersion = 16.0.30804.86
MinimumVisualStudioVersion = 10.0.40219.1
Project("{FAE04EC0-301F-11D3-BF4B-00C04F79EFBC}") = "Array.diff", "Array.diff\Array.diff.csproj", "{E684A9D7-77CF-42C1-9B48-C6E25FAA78AE}"
EndProject
Global
	GlobalSection(SolutionConfigurationPlatforms) = preSolution
		Debug|Any CPU = Debug|Any CPU
		Release|Any CPU = Release|Any CPU
	EndGlobalSection
	GlobalSection(ProjectConfigurationPlatforms) = postSolution
		{E684A9D7-77CF-42C1-9B48-C6E25FAA78AE}.Debug|Any CPU.ActiveCfg = Debug|Any CPU
		{E684A9D7-77CF-42C1-9B48-C6E25FAA78AE}.Debug|Any CPU.Build.0 = Debug|Any CPU
		{E684A9D7-77CF-42C1-9B48-C6E25FAA78AE}.Release|Any CPU.ActiveCfg = Release|Any CPU
		{E684A9D7-77CF-42C1-9B48-C6E25FAA78AE}.Release|Any CPU.Build.0 = Release|Any CPU
	EndGlobalSection
	GlobalSection(SolutionProperties) = preSolution
		HideSolutionNode = FALSE
	EndGlobalSection
	GlobalSection(ExtensibilityGlobals) = postSolution
		SolutionGuid = {B1E84F35-165E-4B19-951E-10FB872E69C9}
	EndGlobalSection
EndGlobal
