
Microsoft Visual Studio Solution File, Format Version 12.00
# Visual Studio Version 16
VisualStudioVersion = 16.0.30804.86
MinimumVisualStudioVersion = 10.0.40219.1
Project("{FAE04EC0-301F-11D3-BF4B-00C04F79EFBC}") = "ToCamelCase", "ToCamelCase\ToCamelCase.csproj", "{A730DEE1-2ADB-42FE-B1E5-C6CAF1B3D294}"
EndProject
Global
	GlobalSection(SolutionConfigurationPlatforms) = preSolution
		Debug|Any CPU = Debug|Any CPU
		Release|Any CPU = Release|Any CPU
	EndGlobalSection
	GlobalSection(ProjectConfigurationPlatforms) = postSolution
		{A730DEE1-2ADB-42FE-B1E5-C6CAF1B3D294}.Debug|Any CPU.ActiveCfg = Debug|Any CPU
		{A730DEE1-2ADB-42FE-B1E5-C6CAF1B3D294}.Debug|Any CPU.Build.0 = Debug|Any CPU
		{A730DEE1-2ADB-42FE-B1E5-C6CAF1B3D294}.Release|Any CPU.ActiveCfg = Release|Any CPU
		{A730DEE1-2ADB-42FE-B1E5-C6CAF1B3D294}.Release|Any CPU.Build.0 = Release|Any CPU
	EndGlobalSection
	GlobalSection(SolutionProperties) = preSolution
		HideSolutionNode = FALSE
	EndGlobalSection
	GlobalSection(ExtensibilityGlobals) = postSolution
		SolutionGuid = {E3652BC2-0939-4F06-839E-ED85A435E3F2}
	EndGlobalSection
EndGlobal
