
Microsoft Visual Studio Solution File, Format Version 12.00
# Visual Studio Version 16
VisualStudioVersion = 16.0.30804.86
MinimumVisualStudioVersion = 10.0.40219.1
Project("{FAE04EC0-301F-11D3-BF4B-00C04F79EFBC}") = "Dubstep", "Dubstep\Dubstep.csproj", "{555DAC94-221B-490E-BC73-3FB84F1728BA}"
EndProject
Global
	GlobalSection(SolutionConfigurationPlatforms) = preSolution
		Debug|Any CPU = Debug|Any CPU
		Release|Any CPU = Release|Any CPU
	EndGlobalSection
	GlobalSection(ProjectConfigurationPlatforms) = postSolution
		{555DAC94-221B-490E-BC73-3FB84F1728BA}.Debug|Any CPU.ActiveCfg = Debug|Any CPU
		{555DAC94-221B-490E-BC73-3FB84F1728BA}.Debug|Any CPU.Build.0 = Debug|Any CPU
		{555DAC94-221B-490E-BC73-3FB84F1728BA}.Release|Any CPU.ActiveCfg = Release|Any CPU
		{555DAC94-221B-490E-BC73-3FB84F1728BA}.Release|Any CPU.Build.0 = Release|Any CPU
	EndGlobalSection
	GlobalSection(SolutionProperties) = preSolution
		HideSolutionNode = FALSE
	EndGlobalSection
	GlobalSection(ExtensibilityGlobals) = postSolution
		SolutionGuid = {69CCCD87-FCAA-490C-961E-7A924E0E8695}
	EndGlobalSection
EndGlobal
