
Microsoft Visual Studio Solution File, Format Version 12.00
# Visual Studio Version 16
VisualStudioVersion = 16.0.30804.86
MinimumVisualStudioVersion = 10.0.40219.1
Project("{FAE04EC0-301F-11D3-BF4B-00C04F79EFBC}") = "Take a Ten Minute Walk", "Take a Ten Minute Walk\Take a Ten Minute Walk.csproj", "{B2C6F8C6-BD61-44C1-8E4E-48EA324493A5}"
EndProject
Global
	GlobalSection(SolutionConfigurationPlatforms) = preSolution
		Debug|Any CPU = Debug|Any CPU
		Release|Any CPU = Release|Any CPU
	EndGlobalSection
	GlobalSection(ProjectConfigurationPlatforms) = postSolution
		{B2C6F8C6-BD61-44C1-8E4E-48EA324493A5}.Debug|Any CPU.ActiveCfg = Debug|Any CPU
		{B2C6F8C6-BD61-44C1-8E4E-48EA324493A5}.Debug|Any CPU.Build.0 = Debug|Any CPU
		{B2C6F8C6-BD61-44C1-8E4E-48EA324493A5}.Release|Any CPU.ActiveCfg = Release|Any CPU
		{B2C6F8C6-BD61-44C1-8E4E-48EA324493A5}.Release|Any CPU.Build.0 = Release|Any CPU
	EndGlobalSection
	GlobalSection(SolutionProperties) = preSolution
		HideSolutionNode = FALSE
	EndGlobalSection
	GlobalSection(ExtensibilityGlobals) = postSolution
		SolutionGuid = {EC4D8744-E0D3-4B41-80D7-94A69A80E7AE}
	EndGlobalSection
EndGlobal
